
Microsoft Visual Studio Solution File, Format Version 12.00
# Visual Studio Version 16
VisualStudioVersion = 16.0.31205.134
MinimumVisualStudioVersion = 10.0.40219.1
Project("{FAE04EC0-301F-11D3-BF4B-00C04F79EFBC}") = "ConsoleApp3", "ConsoleApp3\ConsoleApp3.csproj", "{25B07048-4E06-4FD3-9E23-27200CA68844}"
EndProject
Global
	GlobalSection(SolutionConfigurationPlatforms) = preSolution
		Debug|Any CPU = Debug|Any CPU
		Release|Any CPU = Release|Any CPU
	EndGlobalSection
	GlobalSection(ProjectConfigurationPlatforms) = postSolution
		{25B07048-4E06-4FD3-9E23-27200CA68844}.Debug|Any CPU.ActiveCfg = Debug|Any CPU
		{25B07048-4E06-4FD3-9E23-27200CA68844}.Debug|Any CPU.Build.0 = Debug|Any CPU
		{25B07048-4E06-4FD3-9E23-27200CA68844}.Release|Any CPU.ActiveCfg = Release|Any CPU
		{25B07048-4E06-4FD3-9E23-27200CA68844}.Release|Any CPU.Build.0 = Release|Any CPU
	EndGlobalSection
	GlobalSection(SolutionProperties) = preSolution
		HideSolutionNode = FALSE
	EndGlobalSection
	GlobalSection(ExtensibilityGlobals) = postSolution
		SolutionGuid = {76BC4FD9-5DC6-4C59-9831-7D57B0932391}
	EndGlobalSection
EndGlobal
